
Microsoft Visual Studio Solution File, Format Version 12.00
# Visual Studio Version 17
VisualStudioVersion = 17.8.34511.84
MinimumVisualStudioVersion = 10.0.40219.1
Project("{FAE04EC0-301F-11D3-BF4B-00C04F79EFBC}") = "Vistas", "Vistas.csproj", "{558B8807-9B16-40D3-9CDE-389CC7ECA8AF}"
EndProject
Project("{FAE04EC0-301F-11D3-BF4B-00C04F79EFBC}") = "Controladores", "Controladores\Controladores.csproj", "{96ACFDE4-1EF9-413B-BFFC-0DE4D678860F}"
EndProject
Project("{FAE04EC0-301F-11D3-BF4B-00C04F79EFBC}") = "Modelos", "Modelos\Modelos.csproj", "{39B1B498-454B-457F-A74A-E45CE614CB71}"
EndProject
Global
	GlobalSection(SolutionConfigurationPlatforms) = preSolution
		Debug|Any CPU = Debug|Any CPU
		Release|Any CPU = Release|Any CPU
	EndGlobalSection
	GlobalSection(ProjectConfigurationPlatforms) = postSolution
		{558B8807-9B16-40D3-9CDE-389CC7ECA8AF}.Debug|Any CPU.ActiveCfg = Debug|Any CPU
		{558B8807-9B16-40D3-9CDE-389CC7ECA8AF}.Debug|Any CPU.Build.0 = Debug|Any CPU
		{558B8807-9B16-40D3-9CDE-389CC7ECA8AF}.Release|Any CPU.ActiveCfg = Release|Any CPU
		{558B8807-9B16-40D3-9CDE-389CC7ECA8AF}.Release|Any CPU.Build.0 = Release|Any CPU
		{96ACFDE4-1EF9-413B-BFFC-0DE4D678860F}.Debug|Any CPU.ActiveCfg = Debug|Any CPU
		{96ACFDE4-1EF9-413B-BFFC-0DE4D678860F}.Debug|Any CPU.Build.0 = Debug|Any CPU
		{96ACFDE4-1EF9-413B-BFFC-0DE4D678860F}.Release|Any CPU.ActiveCfg = Release|Any CPU
		{96ACFDE4-1EF9-413B-BFFC-0DE4D678860F}.Release|Any CPU.Build.0 = Release|Any CPU
		{39B1B498-454B-457F-A74A-E45CE614CB71}.Debug|Any CPU.ActiveCfg = Debug|Any CPU
		{39B1B498-454B-457F-A74A-E45CE614CB71}.Debug|Any CPU.Build.0 = Debug|Any CPU
		{39B1B498-454B-457F-A74A-E45CE614CB71}.Release|Any CPU.ActiveCfg = Release|Any CPU
		{39B1B498-454B-457F-A74A-E45CE614CB71}.Release|Any CPU.Build.0 = Release|Any CPU
	EndGlobalSection
	GlobalSection(SolutionProperties) = preSolution
		HideSolutionNode = FALSE
	EndGlobalSection
	GlobalSection(ExtensibilityGlobals) = postSolution
		SolutionGuid = {1532FFB4-A6C6-4AB3-984F-4548BE473E93}
	EndGlobalSection
EndGlobal
